
Microsoft Visual Studio Solution File, Format Version 12.00
Project("{2150E333-8FDC-42A3-9474-1A3956D46DE8}") = "src", "src", "{0060AE7F-B40C-4D19-8511-EF2628A525DE}"
EndProject
Project("{2150E333-8FDC-42A3-9474-1A3956D46DE8}") = "test", "test", "{97FCE45B-FA58-4E13-ADF6-DABAD21DFC06}"
EndProject
Project("{FAE04EC0-301F-11D3-BF4B-00C04F79EFBC}") = "Xieyi.ORM.Core", "src\Xieyi.ORM.Core\Xieyi.ORM.Core.csproj", "{7E1E02D5-D62E-4D3C-8244-74702BB4CF48}"
EndProject
Project("{FAE04EC0-301F-11D3-BF4B-00C04F79EFBC}") = "Xieyi.ORM.MySQL", "src\Xieyi.ORM.MySQL\Xieyi.ORM.MySQL.csproj", "{6189A220-EA97-4565-9D69-41BEDE04C0AC}"
EndProject
Project("{FAE04EC0-301F-11D3-BF4B-00C04F79EFBC}") = "Xieyi.ORM.Cache", "src\Xieyi.ORM.Cache\Xieyi.ORM.Cache.csproj", "{4836C610-492F-4975-A893-76F02A600FC6}"
EndProject
Project("{FAE04EC0-301F-11D3-BF4B-00C04F79EFBC}") = "Xieyi.ORM.Validation", "src\Xieyi.ORM.Validation\Xieyi.ORM.Validation.csproj", "{8F1A57F2-F822-415D-8574-F7C50CA23DFE}"
EndProject
Project("{FAE04EC0-301F-11D3-BF4B-00C04F79EFBC}") = "Xieyi.ORM.MongoDb", "src\Xieyi.ORM.MongoDb\Xieyi.ORM.MongoDb.csproj", "{6D61CA1A-3645-4CD6-B855-F8D7C542D14D}"
EndProject
Global
	GlobalSection(SolutionConfigurationPlatforms) = preSolution
		Debug|Any CPU = Debug|Any CPU
		Release|Any CPU = Release|Any CPU
	EndGlobalSection
	GlobalSection(ProjectConfigurationPlatforms) = postSolution
		{7E1E02D5-D62E-4D3C-8244-74702BB4CF48}.Debug|Any CPU.ActiveCfg = Debug|Any CPU
		{7E1E02D5-D62E-4D3C-8244-74702BB4CF48}.Debug|Any CPU.Build.0 = Debug|Any CPU
		{7E1E02D5-D62E-4D3C-8244-74702BB4CF48}.Release|Any CPU.ActiveCfg = Release|Any CPU
		{7E1E02D5-D62E-4D3C-8244-74702BB4CF48}.Release|Any CPU.Build.0 = Release|Any CPU
		{6189A220-EA97-4565-9D69-41BEDE04C0AC}.Debug|Any CPU.ActiveCfg = Debug|Any CPU
		{6189A220-EA97-4565-9D69-41BEDE04C0AC}.Debug|Any CPU.Build.0 = Debug|Any CPU
		{6189A220-EA97-4565-9D69-41BEDE04C0AC}.Release|Any CPU.ActiveCfg = Release|Any CPU
		{6189A220-EA97-4565-9D69-41BEDE04C0AC}.Release|Any CPU.Build.0 = Release|Any CPU
		{4836C610-492F-4975-A893-76F02A600FC6}.Debug|Any CPU.ActiveCfg = Debug|Any CPU
		{4836C610-492F-4975-A893-76F02A600FC6}.Debug|Any CPU.Build.0 = Debug|Any CPU
		{4836C610-492F-4975-A893-76F02A600FC6}.Release|Any CPU.ActiveCfg = Release|Any CPU
		{4836C610-492F-4975-A893-76F02A600FC6}.Release|Any CPU.Build.0 = Release|Any CPU
		{8F1A57F2-F822-415D-8574-F7C50CA23DFE}.Debug|Any CPU.ActiveCfg = Debug|Any CPU
		{8F1A57F2-F822-415D-8574-F7C50CA23DFE}.Debug|Any CPU.Build.0 = Debug|Any CPU
		{8F1A57F2-F822-415D-8574-F7C50CA23DFE}.Release|Any CPU.ActiveCfg = Release|Any CPU
		{8F1A57F2-F822-415D-8574-F7C50CA23DFE}.Release|Any CPU.Build.0 = Release|Any CPU
		{6D61CA1A-3645-4CD6-B855-F8D7C542D14D}.Debug|Any CPU.ActiveCfg = Debug|Any CPU
		{6D61CA1A-3645-4CD6-B855-F8D7C542D14D}.Debug|Any CPU.Build.0 = Debug|Any CPU
		{6D61CA1A-3645-4CD6-B855-F8D7C542D14D}.Release|Any CPU.ActiveCfg = Release|Any CPU
		{6D61CA1A-3645-4CD6-B855-F8D7C542D14D}.Release|Any CPU.Build.0 = Release|Any CPU
	EndGlobalSection
	GlobalSection(NestedProjects) = preSolution
		{7E1E02D5-D62E-4D3C-8244-74702BB4CF48} = {0060AE7F-B40C-4D19-8511-EF2628A525DE}
		{6189A220-EA97-4565-9D69-41BEDE04C0AC} = {0060AE7F-B40C-4D19-8511-EF2628A525DE}
		{4836C610-492F-4975-A893-76F02A600FC6} = {0060AE7F-B40C-4D19-8511-EF2628A525DE}
		{8F1A57F2-F822-415D-8574-F7C50CA23DFE} = {0060AE7F-B40C-4D19-8511-EF2628A525DE}
		{6D61CA1A-3645-4CD6-B855-F8D7C542D14D} = {0060AE7F-B40C-4D19-8511-EF2628A525DE}
	EndGlobalSection
EndGlobal
